// !$*UTF8*$!
{
	archiveVersion = 1;
	classes = {
	};
	objectVersion = 46;
	objects = {

/* Begin PBXBuildFile section */
		B3E7B58A1CC2AC0600A0062D /* RNCjAd.m in Sources */ = {isa = PBXBuildFile; fileRef = B3E7B5891CC2AC0600A0062D /* RNCjAd.m */; };
		C6682CFA21C14FC4005C3FA7 /* UnityAds.framework in Frameworks */ = {isa = PBXBuildFile; fileRef = C6682CF921C14FC4005C3FA7 /* UnityAds.framework */; };
		C6682CFD21C1506B005C3FA7 /* VungleSDK.framework in Frameworks */ = {isa = PBXBuildFile; fileRef = C6682CFC21C1506B005C3FA7 /* VungleSDK.framework */; };
		C6AFB3DD21C14A92001FFFD3 /* tanvSDK.a in Frameworks */ = {isa = PBXBuildFile; fileRef = C6AFB3DB21C14A91001FFFD3 /* tanvSDK.a */; };
		C6AFB3E821C14AB0001FFFD3 /* libGDTMobSDK.a in Frameworks */ = {isa = PBXBuildFile; fileRef = C6AFB3E421C14AAF001FFFD3 /* libGDTMobSDK.a */; };
/* End PBXBuildFile section */

/* Begin PBXCopyFilesBuildPhase section */
		58B511D91A9E6C8500147676 /* CopyFiles */ = {
			isa = PBXCopyFilesBuildPhase;
			buildActionMask = 2147483647;
			dstPath = "include/$(PRODUCT_NAME)";
			dstSubfolderSpec = 16;
			files = (
			);
			runOnlyForDeploymentPostprocessing = 0;
		};
/* End PBXCopyFilesBuildPhase section */

/* Begin PBXFileReference section */
		134814201AA4EA6300B7C361 /* libRNCjAd.a */ = {isa = PBXFileReference; explicitFileType = archive.ar; includeInIndex = 0; path = libRNCjAd.a; sourceTree = BUILT_PRODUCTS_DIR; };
		8F91292721C22FE6008D0092 /* libxml2.tbd */ = {isa = PBXFileReference; lastKnownFileType = "sourcecode.text-based-dylib-definition"; name = libxml2.tbd; path = usr/lib/libxml2.tbd; sourceTree = SDKROOT; };
		B3E7B5881CC2AC0600A0062D /* RNCjAd.h */ = {isa = PBXFileReference; fileEncoding = 4; lastKnownFileType = sourcecode.c.h; path = RNCjAd.h; sourceTree = "<group>"; };
		B3E7B5891CC2AC0600A0062D /* RNCjAd.m */ = {isa = PBXFileReference; fileEncoding = 4; lastKnownFileType = sourcecode.c.objc; path = RNCjAd.m; sourceTree = "<group>"; };
		C6682CF921C14FC4005C3FA7 /* UnityAds.framework */ = {isa = PBXFileReference; lastKnownFileType = wrapper.framework; path = UnityAds.framework; sourceTree = "<group>"; };
		C6682CFC21C1506B005C3FA7 /* VungleSDK.framework */ = {isa = PBXFileReference; lastKnownFileType = wrapper.framework; path = VungleSDK.framework; sourceTree = "<group>"; };
		C6AFB3D621C14A91001FFFD3 /* SplashSDK.h */ = {isa = PBXFileReference; fileEncoding = 4; lastKnownFileType = sourcecode.c.h; path = SplashSDK.h; sourceTree = "<group>"; };
		C6AFB3D721C14A91001FFFD3 /* InfoFlowView.h */ = {isa = PBXFileReference; fileEncoding = 4; lastKnownFileType = sourcecode.c.h; path = InfoFlowView.h; sourceTree = "<group>"; };
		C6AFB3D821C14A91001FFFD3 /* AdResource.bundle */ = {isa = PBXFileReference; lastKnownFileType = "wrapper.plug-in"; path = AdResource.bundle; sourceTree = "<group>"; };
		C6AFB3D921C14A91001FFFD3 /* InfoFlowSDK.h */ = {isa = PBXFileReference; fileEncoding = 4; lastKnownFileType = sourcecode.c.h; path = InfoFlowSDK.h; sourceTree = "<group>"; };
		C6AFB3DA21C14A91001FFFD3 /* StatSDK.h */ = {isa = PBXFileReference; fileEncoding = 4; lastKnownFileType = sourcecode.c.h; path = StatSDK.h; sourceTree = "<group>"; };
		C6AFB3DB21C14A91001FFFD3 /* tanvSDK.a */ = {isa = PBXFileReference; lastKnownFileType = archive.ar; path = tanvSDK.a; sourceTree = "<group>"; };
		C6AFB3DC21C14A92001FFFD3 /* SpotSDK.h */ = {isa = PBXFileReference; fileEncoding = 4; lastKnownFileType = sourcecode.c.h; path = SpotSDK.h; sourceTree = "<group>"; };
		C6AFB3DE21C14AAD001FFFD3 /* GDTSplashAd.h */ = {isa = PBXFileReference; fileEncoding = 4; lastKnownFileType = sourcecode.c.h; path = GDTSplashAd.h; sourceTree = "<group>"; };
		C6AFB3DF21C14AAD001FFFD3 /* GDTMobInterstitial.h */ = {isa = PBXFileReference; fileEncoding = 4; lastKnownFileType = sourcecode.c.h; path = GDTMobInterstitial.h; sourceTree = "<group>"; };
		C6AFB3E021C14AAD001FFFD3 /* GDTNativeAd.h */ = {isa = PBXFileReference; fileEncoding = 4; lastKnownFileType = sourcecode.c.h; path = GDTNativeAd.h; sourceTree = "<group>"; };
		C6AFB3E121C14AAD001FFFD3 /* GDTMobBannerView.h */ = {isa = PBXFileReference; fileEncoding = 4; lastKnownFileType = sourcecode.c.h; path = GDTMobBannerView.h; sourceTree = "<group>"; };
		C6AFB3E221C14AAE001FFFD3 /* GDTSDKDefines.h */ = {isa = PBXFileReference; fileEncoding = 4; lastKnownFileType = sourcecode.c.h; path = GDTSDKDefines.h; sourceTree = "<group>"; };
		C6AFB3E321C14AAE001FFFD3 /* GDTNativeExpressAdView.h */ = {isa = PBXFileReference; fileEncoding = 4; lastKnownFileType = sourcecode.c.h; path = GDTNativeExpressAdView.h; sourceTree = "<group>"; };
		C6AFB3E421C14AAF001FFFD3 /* libGDTMobSDK.a */ = {isa = PBXFileReference; lastKnownFileType = archive.ar; path = libGDTMobSDK.a; sourceTree = "<group>"; };
		C6AFB3E521C14AAF001FFFD3 /* GDTRewardVideoAd.h */ = {isa = PBXFileReference; fileEncoding = 4; lastKnownFileType = sourcecode.c.h; path = GDTRewardVideoAd.h; sourceTree = "<group>"; };
		C6AFB3E621C14AAF001FFFD3 /* GDTSDKConfig.h */ = {isa = PBXFileReference; fileEncoding = 4; lastKnownFileType = sourcecode.c.h; path = GDTSDKConfig.h; sourceTree = "<group>"; };
		C6AFB3E721C14AAF001FFFD3 /* GDTNativeExpressAd.h */ = {isa = PBXFileReference; fileEncoding = 4; lastKnownFileType = sourcecode.c.h; path = GDTNativeExpressAd.h; sourceTree = "<group>"; };
/* End PBXFileReference section */

/* Begin PBXFrameworksBuildPhase section */
		58B511D81A9E6C8500147676 /* Frameworks */ = {
			isa = PBXFrameworksBuildPhase;
			buildActionMask = 2147483647;
			files = (
				C6AFB3DD21C14A92001FFFD3 /* tanvSDK.a in Frameworks */,
				C6AFB3E821C14AB0001FFFD3 /* libGDTMobSDK.a in Frameworks */,
				C6682CFD21C1506B005C3FA7 /* VungleSDK.framework in Frameworks */,
				C6682CFA21C14FC4005C3FA7 /* UnityAds.framework in Frameworks */,
			);
			runOnlyForDeploymentPostprocessing = 0;
		};
/* End PBXFrameworksBuildPhase section */

/* Begin PBXGroup section */
		134814211AA4EA7D00B7C361 /* Products */ = {
			isa = PBXGroup;
			children = (
				134814201AA4EA6300B7C361 /* libRNCjAd.a */,
			);
			name = Products;
			sourceTree = "<group>";
		};
		58B511D21A9E6C8500147676 = {
			isa = PBXGroup;
			children = (
				C6AFB3C821C149E0001FFFD3 /* sdks */,
				B3E7B5881CC2AC0600A0062D /* RNCjAd.h */,
				B3E7B5891CC2AC0600A0062D /* RNCjAd.m */,
				134814211AA4EA7D00B7C361 /* Products */,
				8F91292621C22FE6008D0092 /* Frameworks */,
			);
			sourceTree = "<group>";
		};
		8F91292621C22FE6008D0092 /* Frameworks */ = {
			isa = PBXGroup;
			children = (
				8F91292721C22FE6008D0092 /* libxml2.tbd */,
			);
			name = Frameworks;
			sourceTree = "<group>";
		};
		C6682CFB21C1505A005C3FA7 /* VUNGLE */ = {
			isa = PBXGroup;
			children = (
				C6682CFC21C1506B005C3FA7 /* VungleSDK.framework */,
			);
			path = VUNGLE;
			sourceTree = "<group>";
		};
		C6AFB3C821C149E0001FFFD3 /* sdks */ = {
			isa = PBXGroup;
			children = (
				C6682CFB21C1505A005C3FA7 /* VUNGLE */,
				C6AFB3E921C14E94001FFFD3 /* UNITY */,
				C6AFB3D521C14A79001FFFD3 /* TANV */,
				C6AFB3C921C14A04001FFFD3 /* GDT */,
			);
			path = sdks;
			sourceTree = "<group>";
		};
		C6AFB3C921C14A04001FFFD3 /* GDT */ = {
			isa = PBXGroup;
			children = (
				C6AFB3E121C14AAD001FFFD3 /* GDTMobBannerView.h */,
				C6AFB3DF21C14AAD001FFFD3 /* GDTMobInterstitial.h */,
				C6AFB3E021C14AAD001FFFD3 /* GDTNativeAd.h */,
				C6AFB3E721C14AAF001FFFD3 /* GDTNativeExpressAd.h */,
				C6AFB3E321C14AAE001FFFD3 /* GDTNativeExpressAdView.h */,
				C6AFB3E521C14AAF001FFFD3 /* GDTRewardVideoAd.h */,
				C6AFB3E621C14AAF001FFFD3 /* GDTSDKConfig.h */,
				C6AFB3E221C14AAE001FFFD3 /* GDTSDKDefines.h */,
				C6AFB3DE21C14AAD001FFFD3 /* GDTSplashAd.h */,
				C6AFB3E421C14AAF001FFFD3 /* libGDTMobSDK.a */,
			);
			path = GDT;
			sourceTree = "<group>";
		};
		C6AFB3D521C14A79001FFFD3 /* TANV */ = {
			isa = PBXGroup;
			children = (
				C6AFB3D821C14A91001FFFD3 /* AdResource.bundle */,
				C6AFB3D921C14A91001FFFD3 /* InfoFlowSDK.h */,
				C6AFB3D721C14A91001FFFD3 /* InfoFlowView.h */,
				C6AFB3D621C14A91001FFFD3 /* SplashSDK.h */,
				C6AFB3DC21C14A92001FFFD3 /* SpotSDK.h */,
				C6AFB3DA21C14A91001FFFD3 /* StatSDK.h */,
				C6AFB3DB21C14A91001FFFD3 /* tanvSDK.a */,
			);
			path = TANV;
			sourceTree = "<group>";
		};
		C6AFB3E921C14E94001FFFD3 /* UNITY */ = {
			isa = PBXGroup;
			children = (
				C6682CF921C14FC4005C3FA7 /* UnityAds.framework */,
			);
			path = UNITY;
			sourceTree = "<group>";
		};
/* End PBXGroup section */

/* Begin PBXNativeTarget section */
		58B511DA1A9E6C8500147676 /* RNCjAd */ = {
			isa = PBXNativeTarget;
			buildConfigurationList = 58B511EF1A9E6C8500147676 /* Build configuration list for PBXNativeTarget "RNCjAd" */;
			buildPhases = (
				58B511D71A9E6C8500147676 /* Sources */,
				58B511D81A9E6C8500147676 /* Frameworks */,
				58B511D91A9E6C8500147676 /* CopyFiles */,
			);
			buildRules = (
			);
			dependencies = (
			);
			name = RNCjAd;
			productName = RCTDataManager;
			productReference = 134814201AA4EA6300B7C361 /* libRNCjAd.a */;
			productType = "com.apple.product-type.library.static";
		};
/* End PBXNativeTarget section */

/* Begin PBXProject section */
		58B511D31A9E6C8500147676 /* Project object */ = {
			isa = PBXProject;
			attributes = {
				LastUpgradeCheck = 0830;
				ORGANIZATIONNAME = Facebook;
				TargetAttributes = {
					58B511DA1A9E6C8500147676 = {
						CreatedOnToolsVersion = 6.1.1;
					};
				};
			};
			buildConfigurationList = 58B511D61A9E6C8500147676 /* Build configuration list for PBXProject "RNCjAd" */;
			compatibilityVersion = "Xcode 3.2";
			developmentRegion = English;
			hasScannedForEncodings = 0;
			knownRegions = (
				en,
			);
			mainGroup = 58B511D21A9E6C8500147676;
			productRefGroup = 58B511D21A9E6C8500147676;
			projectDirPath = "";
			projectRoot = "";
			targets = (
				58B511DA1A9E6C8500147676 /* RNCjAd */,
			);
		};
/* End PBXProject section */

/* Begin PBXSourcesBuildPhase section */
		58B511D71A9E6C8500147676 /* Sources */ = {
			isa = PBXSourcesBuildPhase;
			buildActionMask = 2147483647;
			files = (
				B3E7B58A1CC2AC0600A0062D /* RNCjAd.m in Sources */,
			);
			runOnlyForDeploymentPostprocessing = 0;
		};
/* End PBXSourcesBuildPhase section */

/* Begin XCBuildConfiguration section */
		58B511ED1A9E6C8500147676 /* Debug */ = {
			isa = XCBuildConfiguration;
			buildSettings = {
				ALWAYS_SEARCH_USER_PATHS = NO;
				CLANG_CXX_LANGUAGE_STANDARD = "gnu++0x";
				CLANG_CXX_LIBRARY = "libc++";
				CLANG_ENABLE_MODULES = YES;
				CLANG_ENABLE_OBJC_ARC = YES;
				CLANG_WARN_BOOL_CONVERSION = YES;
				CLANG_WARN_CONSTANT_CONVERSION = YES;
				CLANG_WARN_DIRECT_OBJC_ISA_USAGE = YES_ERROR;
				CLANG_WARN_EMPTY_BODY = YES;
				CLANG_WARN_ENUM_CONVERSION = YES;
				CLANG_WARN_INFINITE_RECURSION = YES;
				CLANG_WARN_INT_CONVERSION = YES;
				CLANG_WARN_OBJC_ROOT_CLASS = YES_ERROR;
				CLANG_WARN_SUSPICIOUS_MOVE = YES;
				CLANG_WARN_UNREACHABLE_CODE = YES;
				CLANG_WARN__DUPLICATE_METHOD_MATCH = YES;
				COPY_PHASE_STRIP = NO;
				ENABLE_STRICT_OBJC_MSGSEND = YES;
				ENABLE_TESTABILITY = YES;
				GCC_C_LANGUAGE_STANDARD = gnu99;
				GCC_DYNAMIC_NO_PIC = NO;
				GCC_NO_COMMON_BLOCKS = YES;
				GCC_OPTIMIZATION_LEVEL = 0;
				GCC_PREPROCESSOR_DEFINITIONS = (
					"DEBUG=1",
					"$(inherited)",
				);
				GCC_SYMBOLS_PRIVATE_EXTERN = NO;
				GCC_WARN_64_TO_32_BIT_CONVERSION = YES;
				GCC_WARN_ABOUT_RETURN_TYPE = YES_ERROR;
				GCC_WARN_UNDECLARED_SELECTOR = YES;
				GCC_WARN_UNINITIALIZED_AUTOS = YES_AGGRESSIVE;
				GCC_WARN_UNUSED_FUNCTION = YES;
				GCC_WARN_UNUSED_VARIABLE = YES;
				IPHONEOS_DEPLOYMENT_TARGET = 8.0;
				MTL_ENABLE_DEBUG_INFO = YES;
				ONLY_ACTIVE_ARCH = YES;
				SDKROOT = iphoneos;
			};
			name = Debug;
		};
		58B511EE1A9E6C8500147676 /* Release */ = {
			isa = XCBuildConfiguration;
			buildSettings = {
				ALWAYS_SEARCH_USER_PATHS = NO;
				CLANG_CXX_LANGUAGE_STANDARD = "gnu++0x";
				CLANG_CXX_LIBRARY = "libc++";
				CLANG_ENABLE_MODULES = YES;
				CLANG_ENABLE_OBJC_ARC = YES;
				CLANG_WARN_BOOL_CONVERSION = YES;
				CLANG_WARN_CONSTANT_CONVERSION = YES;
				CLANG_WARN_DIRECT_OBJC_ISA_USAGE = YES_ERROR;
				CLANG_WARN_EMPTY_BODY = YES;
				CLANG_WARN_ENUM_CONVERSION = YES;
				CLANG_WARN_INFINITE_RECURSION = YES;
				CLANG_WARN_INT_CONVERSION = YES;
				CLANG_WARN_OBJC_ROOT_CLASS = YES_ERROR;
				CLANG_WARN_SUSPICIOUS_MOVE = YES;
				CLANG_WARN_UNREACHABLE_CODE = YES;
				CLANG_WARN__DUPLICATE_METHOD_MATCH = YES;
				COPY_PHASE_STRIP = YES;
				ENABLE_NS_ASSERTIONS = NO;
				ENABLE_STRICT_OBJC_MSGSEND = YES;
				GCC_C_LANGUAGE_STANDARD = gnu99;
				GCC_NO_COMMON_BLOCKS = YES;
				GCC_WARN_64_TO_32_BIT_CONVERSION = YES;
				GCC_WARN_ABOUT_RETURN_TYPE = YES_ERROR;
				GCC_WARN_UNDECLARED_SELECTOR = YES;
				GCC_WARN_UNINITIALIZED_AUTOS = YES_AGGRESSIVE;
				GCC_WARN_UNUSED_FUNCTION = YES;
				GCC_WARN_UNUSED_VARIABLE = YES;
				IPHONEOS_DEPLOYMENT_TARGET = 8.0;
				MTL_ENABLE_DEBUG_INFO = NO;
				SDKROOT = iphoneos;
				VALIDATE_PRODUCT = YES;
			};
			name = Release;
		};
		58B511F01A9E6C8500147676 /* Debug */ = {
			isa = XCBuildConfiguration;
			buildSettings = {
				FRAMEWORK_SEARCH_PATHS = (
					"$(inherited)",
					"$(PROJECT_DIR)/sdks/UNITY",
					"$(PROJECT_DIR)/sdks/VUNGLE",
				);
				HEADER_SEARCH_PATHS = (
					"$(inherited)",
					/Applications/Xcode.app/Contents/Developer/Toolchains/XcodeDefault.xctoolchain/usr/include,
					"$(SRCROOT)/../../../React/**",
					"$(SRCROOT)/../../react-native/React/**",
				);
				LIBRARY_SEARCH_PATHS = (
					"$(inherited)",
					"$(PROJECT_DIR)/sdks/TANV",
					"$(PROJECT_DIR)/sdks/GDT",
				);
				OTHER_LDFLAGS = "-ObjC";
				PRODUCT_NAME = RNCjAd;
				SKIP_INSTALL = YES;
			};
			name = Debug;
		};
		58B511F11A9E6C8500147676 /* Release */ = {
			isa = XCBuildConfiguration;
			buildSettings = {
				FRAMEWORK_SEARCH_PATHS = (
					"$(inherited)",
					"$(PROJECT_DIR)/sdks/UNITY",
					"$(PROJECT_DIR)/sdks/VUNGLE",
				);
				HEADER_SEARCH_PATHS = (
					"$(inherited)",
					/Applications/Xcode.app/Contents/Developer/Toolchains/XcodeDefault.xctoolchain/usr/include,
					"$(SRCROOT)/../../../React/**",
					"$(SRCROOT)/../../react-native/React/**",
				);
				LIBRARY_SEARCH_PATHS = (
					"$(inherited)",
					"$(PROJECT_DIR)/sdks/TANV",
					"$(PROJECT_DIR)/sdks/GDT",
				);
				OTHER_LDFLAGS = "-ObjC";
				PRODUCT_NAME = RNCjAd;
				SKIP_INSTALL = YES;
			};
			name = Release;
		};
/* End XCBuildConfiguration section */

/* Begin XCConfigurationList section */
		58B511D61A9E6C8500147676 /* Build configuration list for PBXProject "RNCjAd" */ = {
			isa = XCConfigurationList;
			buildConfigurations = (
				58B511ED1A9E6C8500147676 /* Debug */,
				58B511EE1A9E6C8500147676 /* Release */,
			);
			defaultConfigurationIsVisible = 0;
			defaultConfigurationName = Release;
		};
		58B511EF1A9E6C8500147676 /* Build configuration list for PBXNativeTarget "RNCjAd" */ = {
			isa = XCConfigurationList;
			buildConfigurations = (
				58B511F01A9E6C8500147676 /* Debug */,
				58B511F11A9E6C8500147676 /* Release */,
			);
			defaultConfigurationIsVisible = 0;
			defaultConfigurationName = Release;
		};
/* End XCConfigurationList section */
	};
	rootObject = 58B511D31A9E6C8500147676 /* Project object */;
}
